
Microsoft Visual Studio Solution File, Format Version 12.00
# Visual Studio Version 17
VisualStudioVersion = 17.8.34330.188
MinimumVisualStudioVersion = 10.0.40219.1
Project("{FAE04EC0-301F-11D3-BF4B-00C04F79EFBC}") = "Pizzaapp", "Pizzaapp.csproj", "{CA0EA06E-8ED8-4D7B-B96A-E73F36A48692}"
EndProject
Global
	GlobalSection(SolutionConfigurationPlatforms) = preSolution
		Debug|Any CPU = Debug|Any CPU
		Release|Any CPU = Release|Any CPU
	EndGlobalSection
	GlobalSection(ProjectConfigurationPlatforms) = postSolution
		{CA0EA06E-8ED8-4D7B-B96A-E73F36A48692}.Debug|Any CPU.ActiveCfg = Debug|Any CPU
		{CA0EA06E-8ED8-4D7B-B96A-E73F36A48692}.Debug|Any CPU.Build.0 = Debug|Any CPU
		{CA0EA06E-8ED8-4D7B-B96A-E73F36A48692}.Release|Any CPU.ActiveCfg = Release|Any CPU
		{CA0EA06E-8ED8-4D7B-B96A-E73F36A48692}.Release|Any CPU.Build.0 = Release|Any CPU
	EndGlobalSection
	GlobalSection(SolutionProperties) = preSolution
		HideSolutionNode = FALSE
	EndGlobalSection
	GlobalSection(ExtensibilityGlobals) = postSolution
		SolutionGuid = {51BA4DB1-785C-4A66-9194-7800F442CE75}
	EndGlobalSection
EndGlobal
